
Microsoft Visual Studio Solution File, Format Version 12.00
# Visual Studio Version 17
VisualStudioVersion = 17.0.31903.59
MinimumVisualStudioVersion = 10.0.40219.1
Project("{FAE04EC0-301F-11D3-BF4B-00C04F79EFBC}") = "RightSize", "RightSize\RightSize.csproj", "{2915F969-3BEF-41D9-8189-790297A23C44}"
EndProject
Project("{FAE04EC0-301F-11D3-BF4B-00C04F79EFBC}") = "ChangeString", "ChangeString\ChangeString.csproj", "{933C3B33-0E5E-46F1-92E9-F1C7C11E1C86}"
EndProject
Project("{FAE04EC0-301F-11D3-BF4B-00C04F79EFBC}") = "ArrayMul", "ArrayMul\ArrayMul.csproj", "{9573E42D-2F70-43B5-B50B-2C38F9C2D85B}"
EndProject
Project("{FAE04EC0-301F-11D3-BF4B-00C04F79EFBC}") = "HeroPerk", "HeroPerk\HeroPerk.csproj", "{EF611BC2-5819-4C46-8F57-C66F5A05BB4F}"
EndProject
Project("{FAE04EC0-301F-11D3-BF4B-00C04F79EFBC}") = "Pow2Until", "Pow2Until\Pow2Until.csproj", "{99C38263-E268-466B-B9E0-84052E4FBC26}"
EndProject
Global
	GlobalSection(SolutionConfigurationPlatforms) = preSolution
		Debug|Any CPU = Debug|Any CPU
		Release|Any CPU = Release|Any CPU
	EndGlobalSection
	GlobalSection(SolutionProperties) = preSolution
		HideSolutionNode = FALSE
	EndGlobalSection
	GlobalSection(ProjectConfigurationPlatforms) = postSolution
		{2915F969-3BEF-41D9-8189-790297A23C44}.Debug|Any CPU.ActiveCfg = Debug|Any CPU
		{2915F969-3BEF-41D9-8189-790297A23C44}.Debug|Any CPU.Build.0 = Debug|Any CPU
		{2915F969-3BEF-41D9-8189-790297A23C44}.Release|Any CPU.ActiveCfg = Release|Any CPU
		{2915F969-3BEF-41D9-8189-790297A23C44}.Release|Any CPU.Build.0 = Release|Any CPU
		{933C3B33-0E5E-46F1-92E9-F1C7C11E1C86}.Debug|Any CPU.ActiveCfg = Debug|Any CPU
		{933C3B33-0E5E-46F1-92E9-F1C7C11E1C86}.Debug|Any CPU.Build.0 = Debug|Any CPU
		{933C3B33-0E5E-46F1-92E9-F1C7C11E1C86}.Release|Any CPU.ActiveCfg = Release|Any CPU
		{933C3B33-0E5E-46F1-92E9-F1C7C11E1C86}.Release|Any CPU.Build.0 = Release|Any CPU
		{9573E42D-2F70-43B5-B50B-2C38F9C2D85B}.Debug|Any CPU.ActiveCfg = Debug|Any CPU
		{9573E42D-2F70-43B5-B50B-2C38F9C2D85B}.Debug|Any CPU.Build.0 = Debug|Any CPU
		{9573E42D-2F70-43B5-B50B-2C38F9C2D85B}.Release|Any CPU.ActiveCfg = Release|Any CPU
		{9573E42D-2F70-43B5-B50B-2C38F9C2D85B}.Release|Any CPU.Build.0 = Release|Any CPU
		{EF611BC2-5819-4C46-8F57-C66F5A05BB4F}.Debug|Any CPU.ActiveCfg = Debug|Any CPU
		{EF611BC2-5819-4C46-8F57-C66F5A05BB4F}.Debug|Any CPU.Build.0 = Debug|Any CPU
		{EF611BC2-5819-4C46-8F57-C66F5A05BB4F}.Release|Any CPU.ActiveCfg = Release|Any CPU
		{EF611BC2-5819-4C46-8F57-C66F5A05BB4F}.Release|Any CPU.Build.0 = Release|Any CPU
		{99C38263-E268-466B-B9E0-84052E4FBC26}.Debug|Any CPU.ActiveCfg = Debug|Any CPU
		{99C38263-E268-466B-B9E0-84052E4FBC26}.Debug|Any CPU.Build.0 = Debug|Any CPU
		{99C38263-E268-466B-B9E0-84052E4FBC26}.Release|Any CPU.ActiveCfg = Release|Any CPU
		{99C38263-E268-466B-B9E0-84052E4FBC26}.Release|Any CPU.Build.0 = Release|Any CPU
	EndGlobalSection
EndGlobal
